<?xml version="1.0" encoding="utf-8"?>
<Project ToolsVersion="4.0" xmlns="http://schemas.microsoft.com/developer/msbuild/2003">
  <ItemGroup>
    <ClCompile Include="src\main.cpp" />
    <ClCompile Include="src\engine\Renderer.cpp" />
    <ClCompile Include="src\engine\Window.cpp" />
    <ClCompile Include="src\engine\ImGUI_Impl.cpp" />
    <ClCompile Include="src\engine\Simulation.cpp" />
    <ClCompile Include="src\simulation\MySimulation.cpp" />
    <ClCompile Include="src\engine\Input.cpp" />
    <ClCompile Include="src\engine\Log.cpp" />
    <ClCompile Include="src\simulation\Particles.cpp" />
    <ClCompile Include="src\simulation\VerletSolver.cpp" />
    <ClCompile Include="src\simulation\Grid.cpp" />
    <ClCompile Include="src\engine\InstancedObject.cpp" />
    <ClCompile Include="src\simulation\InstancedParticles.cpp" />
  </ItemGroup>
  <ItemGroup>
    <ClInclude Include="include\engine\Window.h" />
    <ClInclude Include="include\engine\Renderer.h" />
    <ClInclude Include="include\engine\ImGUI_Impl.h" />
    <ClInclude Include="include\engine\Simulation.h" />
    <ClInclude Include="include\simulation\MySimulation.h" />
    <ClInclude Include="include\engine\Input.h" />
    <ClInclude Include="include\engine\Log.h" />
    <ClInclude Include="include\simulation\Particles.h" />
    <ClInclude Include="include\simulation\Config.h" />
    <ClInclude Include="include\cuda\cuda_helper.h" />
    <ClInclude Include="include\simulation\VerletSolver.h" />
    <ClInclude Include="include\simulation\Grid.h" />
    <ClInclude Include="include\cuda\cuda_helper_math.h" />
    <ClInclude Include="include\engine\GraphicsObject.h" />
    <ClInclude Include="include\engine\InstancedObject.h" />
    <ClInclude Include="include\simulation\InstancedParticles.h" />
  </ItemGroup>
  <ItemGroup>
    <CudaCompile Include="src\simulation\Particles.cu" />
    <CudaCompile Include="src\simulation\VerletSolver.cu" />
    <CudaCompile Include="src\simulation\Grid.cu" />
    <CudaCompile Include="src\simulation\InstancedParticles.cu" />
  </ItemGroup>
</Project>