<?xml version="1.0" encoding="utf-8"?>
<Project ToolsVersion="4.0" xmlns="http://schemas.microsoft.com/developer/msbuild/2003">
  <ItemGroup>
    <ClCompile Include="src\main.cpp" />
    <ClCompile Include="src\engine\Renderer.cpp" />
    <ClCompile Include="src\engine\Window.cpp" />
    <ClCompile Include="src\engine\ImGUI_Impl.cpp" />
    <ClCompile Include="src\engine\Simulation.cpp" />
    <ClCompile Include="src\simulation\MySimulation.cpp" />
    <ClCompile Include="src\engine\Input.cpp" />
    <ClCompile Include="src\engine\Log.cpp" />
    <ClCompile Include="src\simulation\cpu\CpuVerletSolver.cpp" />
    <ClCompile Include="src\simulation\cpu\CpuGrid.cpp" />
    <ClCompile Include="src\engine\InstancedObject.cpp" />
    <ClCompile Include="src\simulation\InstancedParticles.cpp" />
    <ClCompile Include="src\simulation\ParticleSystem.cpp" />
    <ClCompile Include="src\simulation\cpu\CpuParticleSystem.cpp" />
    <ClCompile Include="src\simulation\Grid.cpp" />
    <ClCompile Include="src\simulation\cpu\CpuInstancedParticles.cpp" />
  </ItemGroup>
  <ItemGroup>
    <ClInclude Include="include\engine\Window.h" />
    <ClInclude Include="include\engine\Renderer.h" />
    <ClInclude Include="include\engine\ImGUI_Impl.h" />
    <ClInclude Include="include\engine\Simulation.h" />
    <ClInclude Include="include\simulation\MySimulation.h" />
    <ClInclude Include="include\engine\Input.h" />
    <ClInclude Include="include\engine\Log.h" />
    <ClInclude Include="include\simulation\Config.h" />
    <ClInclude Include="include\simulation\utils\cuda_helper.h" />
    <ClInclude Include="include\simulation\cpu\CpuVerletSolver.h" />
    <ClInclude Include="include\simulation\utils\cuda_helper_math.h" />
    <ClInclude Include="include\engine\GraphicsObject.h" />
    <ClInclude Include="include\engine\InstancedObject.h" />
    <ClInclude Include="include\simulation\InstancedParticles.h" />
    <ClInclude Include="include\simulation\ParticleSystem.h" />
    <ClInclude Include="include\simulation\ParticleSolver.h" />
    <ClInclude Include="include\simulation\cpu\CpuParticleSystem.h" />
    <ClInclude Include="include\simulation\cuda\CudaParticleSystem.h" />
    <ClInclude Include="include\simulation\cpu\CpuGrid.h" />
    <ClInclude Include="include\simulation\Grid.h" />
    <ClInclude Include="include\simulation\cuda\CudaGrid.h" />
    <ClInclude Include="include\simulation\cuda\CudaVerletSolver.h" />
    <ClInclude Include="include\simulation\cuda\CudaInstancedParticles.h" />
    <ClInclude Include="include\simulation\cpu\CpuInstancedParticles.h" />
  </ItemGroup>
  <ItemGroup>
    <CudaCompile Include="src\simulation\cuda\CudaVerletSolver.cu" />
    <CudaCompile Include="src\simulation\cuda\CudaGrid.cu" />
    <CudaCompile Include="src\simulation\cuda\CudaParticleSystem.cu" />
    <CudaCompile Include="src\simulation\cuda\CudaInstancedParticles.cu" />
  </ItemGroup>
</Project>